
Microsoft Visual Studio Solution File, Format Version 12.00
# Visual Studio 15
VisualStudioVersion = 15.0.27428.2037
MinimumVisualStudioVersion = 10.0.40219.1
Project("{FAE04EC0-301F-11D3-BF4B-00C04F79EFBC}") = "BDO Assistant by DaSe", "CommandCenter\BDO Assistant by DaSe.csproj", "{117317DE-13E5-4A3D-AD80-69818E6F4C47}"
EndProject
Global
	GlobalSection(SolutionConfigurationPlatforms) = preSolution
		Debug|Any CPU = Debug|Any CPU
		Release|Any CPU = Release|Any CPU
	EndGlobalSection
	GlobalSection(ProjectConfigurationPlatforms) = postSolution
		{117317DE-13E5-4A3D-AD80-69818E6F4C47}.Debug|Any CPU.ActiveCfg = Debug|Any CPU
		{117317DE-13E5-4A3D-AD80-69818E6F4C47}.Debug|Any CPU.Build.0 = Debug|Any CPU
		{117317DE-13E5-4A3D-AD80-69818E6F4C47}.Release|Any CPU.ActiveCfg = Debug|Any CPU
		{117317DE-13E5-4A3D-AD80-69818E6F4C47}.Release|Any CPU.Build.0 = Debug|Any CPU
	EndGlobalSection
	GlobalSection(SolutionProperties) = preSolution
		HideSolutionNode = FALSE
	EndGlobalSection
	GlobalSection(ExtensibilityGlobals) = postSolution
		SolutionGuid = {F901B75A-5D03-4097-9061-9CEAA4FF633B}
	EndGlobalSection
EndGlobal
